
Microsoft Visual Studio Solution File, Format Version 12.00
# Visual Studio Version 16
VisualStudioVersion = 16.0.31605.320
MinimumVisualStudioVersion = 10.0.40219.1
Project("{FAE04EC0-301F-11D3-BF4B-00C04F79EFBC}") = "WindowsFormsApp1", "WindowsFormsApp1\WindowsFormsApp1.csproj", "{B7054C0D-68D5-43BF-B6FD-8CFDF0F7BAC2}"
EndProject
Global
	GlobalSection(SolutionConfigurationPlatforms) = preSolution
		Debug|Any CPU = Debug|Any CPU
		Release|Any CPU = Release|Any CPU
	EndGlobalSection
	GlobalSection(ProjectConfigurationPlatforms) = postSolution
		{B7054C0D-68D5-43BF-B6FD-8CFDF0F7BAC2}.Debug|Any CPU.ActiveCfg = Debug|Any CPU
		{B7054C0D-68D5-43BF-B6FD-8CFDF0F7BAC2}.Debug|Any CPU.Build.0 = Debug|Any CPU
		{B7054C0D-68D5-43BF-B6FD-8CFDF0F7BAC2}.Release|Any CPU.ActiveCfg = Release|Any CPU
		{B7054C0D-68D5-43BF-B6FD-8CFDF0F7BAC2}.Release|Any CPU.Build.0 = Release|Any CPU
	EndGlobalSection
	GlobalSection(SolutionProperties) = preSolution
		HideSolutionNode = FALSE
	EndGlobalSection
	GlobalSection(ExtensibilityGlobals) = postSolution
		SolutionGuid = {79BB460E-AC0E-46DD-8B0F-95779F33153D}
	EndGlobalSection
EndGlobal
